lockfileVersion: '9.0'

settings:
  autoInstallPeers: true
  excludeLinksFromLockfile: false

importers:

  .:
    dependencies:
      intl-messageformat:
        specifier: ^11.2.1
        version: 11.2.1
    devDependencies:
      typescript:
        specifier: ^5.8.3
        version: 5.9.3

packages:

  '@formatjs/fast-memoize@3.1.2':
    resolution: {integrity: sha512-vPnriihkfK0lzoQGaXq+qXH23VsYyansRTkTgo2aTG0k1NjLFyZimFVdfj4C9JkSE5dm7CEngcQ5TTc1yAyBfQ==}

  '@formatjs/icu-messageformat-parser@3.5.4':
    resolution: {integrity: sha512-JVY39ROgLt+pIYngo6piyj4OVfZmXs/2FkC4wLS+ql1Eig/sGJKB7YwDO/5bkJFkfwaFAeIpgEiJc8hiYxNalw==}

  '@formatjs/icu-skeleton-parser@2.1.4':
    resolution: {integrity: sha512-8bSFZbrlvGX11ywMZxtgkPBt5Q8/etyts7j7j+GWpOVK1g43zwMIH3LZxk43HAtEP7L/jtZ+OZaMiFTOiBj9CA==}

  intl-messageformat@11.2.1:
    resolution: {integrity: sha512-1gAVEUt3wEPvTqML4Fsw9klZV5j0vszQxayP/fi6gUroAc8AUHiNaisBKLWxybL1AdWq1mP07YV1q8v4N92ilQ==}

  typescript@5.9.3:
    resolution: {integrity: sha512-jl1vZzPDinLr9eUt3J/t7V6FgNEw9QjvBPdysz9KfQDD41fQrC2Y4vKQdiaUpFT4bXlb1RHhLpp8wtm6M5TgSw==}
    engines: {node: '>=14.17'}
    hasBin: true

snapshots:

  '@formatjs/fast-memoize@3.1.2': {}

  '@formatjs/icu-messageformat-parser@3.5.4':
    dependencies:
      '@formatjs/icu-skeleton-parser': 2.1.4

  '@formatjs/icu-skeleton-parser@2.1.4': {}

  intl-messageformat@11.2.1:
    dependencies:
      '@formatjs/fast-memoize': 3.1.2
      '@formatjs/icu-messageformat-parser': 3.5.4

  typescript@5.9.3: {}
